// !$*UTF8*$!
{
	archiveVersion = 1;
	classes = {
	};
	objectVersion = 55;
	objects = {

/* Begin PBXBuildFile section */
		8E2C93D928648A58001A2A21 /* GeneralResponse.swift in Sources */ = {isa = PBXBuildFile; fileRef = 8E2C93D828648A58001A2A21 /* GeneralResponse.swift */; };
		8E2C93DB28648A68001A2A21 /* NoData.swift in Sources */ = {isa = PBXBuildFile; fileRef = 8E2C93DA28648A68001A2A21 /* NoData.swift */; };
		8E2C93DE28648C61001A2A21 /* SignIn.swift in Sources */ = {isa = PBXBuildFile; fileRef = 8E2C93DD28648C61001A2A21 /* SignIn.swift */; };
		8E63EB2F28646B9F009756F8 /* AuthService.swift in Sources */ = {isa = PBXBuildFile; fileRef = 8E63EB2E28646B9F009756F8 /* AuthService.swift */; };
		8E63EB3128646BAA009756F8 /* AuthRouter.swift in Sources */ = {isa = PBXBuildFile; fileRef = 8E63EB3028646BAA009756F8 /* AuthRouter.swift */; };
		8E63EB3328646BB4009756F8 /* NetworkConstants.swift in Sources */ = {isa = PBXBuildFile; fileRef = 8E63EB3228646BB4009756F8 /* NetworkConstants.swift */; };
		8E63EB3528646BBC009756F8 /* BaseRouter.swift in Sources */ = {isa = PBXBuildFile; fileRef = 8E63EB3428646BBC009756F8 /* BaseRouter.swift */; };
		8E63EB3728646BCA009756F8 /* HeaderType.swift in Sources */ = {isa = PBXBuildFile; fileRef = 8E63EB3628646BCA009756F8 /* HeaderType.swift */; };
		8E63EB3928646BD4009756F8 /* BaseService.swift in Sources */ = {isa = PBXBuildFile; fileRef = 8E63EB3828646BD4009756F8 /* BaseService.swift */; };
		8E63EB3B28646BDC009756F8 /* NetworkResult.swift in Sources */ = {isa = PBXBuildFile; fileRef = 8E63EB3A28646BDC009756F8 /* NetworkResult.swift */; };
		8E63EB3D28646BE2009756F8 /* EventLogger.swift in Sources */ = {isa = PBXBuildFile; fileRef = 8E63EB3C28646BE2009756F8 /* EventLogger.swift */; };
		8E63EB4328646C61009756F8 /* MainTabBarViewController.swift in Sources */ = {isa = PBXBuildFile; fileRef = 8E63EB4228646C61009756F8 /* MainTabBarViewController.swift */; };
		8EB8FA34282CF51A00B3BCEC /* Comfortaa-Light.ttf in Resources */ = {isa = PBXBuildFile; fileRef = 8EB8FA31282CF51A00B3BCEC /* Comfortaa-Light.ttf */; };
		8EB8FA35282CF51A00B3BCEC /* Comfortaa-Bold.ttf in Resources */ = {isa = PBXBuildFile; fileRef = 8EB8FA32282CF51A00B3BCEC /* Comfortaa-Bold.ttf */; };
		8EB8FA36282CF51A00B3BCEC /* Comfortaa-Regular.ttf in Resources */ = {isa = PBXBuildFile; fileRef = 8EB8FA33282CF51A00B3BCEC /* Comfortaa-Regular.ttf */; };
		8EFAFCE62828C1C70090EAB4 /* AppDelegate.swift in Sources */ = {isa = PBXBuildFile; fileRef = 8EFAFCE52828C1C70090EAB4 /* AppDelegate.swift */; };
		8EFAFCE82828C1C70090EAB4 /* SceneDelegate.swift in Sources */ = {isa = PBXBuildFile; fileRef = 8EFAFCE72828C1C70090EAB4 /* SceneDelegate.swift */; };
		8EFAFCED2828C1C70090EAB4 /* Main.storyboard in Resources */ = {isa = PBXBuildFile; fileRef = 8EFAFCEB2828C1C70090EAB4 /* Main.storyboard */; };
		8EFAFCEF2828C1C80090EAB4 /* Assets.xcassets in Resources */ = {isa = PBXBuildFile; fileRef = 8EFAFCEE2828C1C80090EAB4 /* Assets.xcassets */; };
		8EFAFCF22828C1C80090EAB4 /* LaunchScreen.storyboard in Resources */ = {isa = PBXBuildFile; fileRef = 8EFAFCF02828C1C80090EAB4 /* LaunchScreen.storyboard */; };
		8EFAFD2E2828F71C0090EAB4 /* SignIn.storyboard in Resources */ = {isa = PBXBuildFile; fileRef = 8EFAFD2D2828F71C0090EAB4 /* SignIn.storyboard */; };
		8EFAFD302828F7290090EAB4 /* SignUp.storyboard in Resources */ = {isa = PBXBuildFile; fileRef = 8EFAFD2F2828F7290090EAB4 /* SignUp.storyboard */; };
		8EFAFD32282916540090EAB4 /* AuthComplete.storyboard in Resources */ = {isa = PBXBuildFile; fileRef = 8EFAFD31282916540090EAB4 /* AuthComplete.storyboard */; };
		8EFAFD3428291C380090EAB4 /* SignInViewController.swift in Sources */ = {isa = PBXBuildFile; fileRef = 8EFAFD3328291C380090EAB4 /* SignInViewController.swift */; };
		8EFAFD3628291C540090EAB4 /* SignUpViewController.swift in Sources */ = {isa = PBXBuildFile; fileRef = 8EFAFD3528291C540090EAB4 /* SignUpViewController.swift */; };
		8EFAFD3828291C720090EAB4 /* AuthCompleteViewController.swift in Sources */ = {isa = PBXBuildFile; fileRef = 8EFAFD3728291C720090EAB4 /* AuthCompleteViewController.swift */; };
		8EFAFD3A28291CF70090EAB4 /* ViewController.swift in Sources */ = {isa = PBXBuildFile; fileRef = 8EFAFD3928291CF70090EAB4 /* ViewController.swift */; };
		8EFAFD45282A26980090EAB4 /* Colors.xcassets in Resources */ = {isa = PBXBuildFile; fileRef = 8EFAFD44282A26980090EAB4 /* Colors.xcassets */; };
		8EFAFD47282A276E0090EAB4 /* UIColor+.swift in Sources */ = {isa = PBXBuildFile; fileRef = 8EFAFD46282A276E0090EAB4 /* UIColor+.swift */; };
		8EFAFD49282A5EEA0090EAB4 /* UIViewController+.swift in Sources */ = {isa = PBXBuildFile; fileRef = 8EFAFD48282A5EEA0090EAB4 /* UIViewController+.swift */; };
		FC2D23D53B8DB68B93C88040 /* Pods_Danplay.framework in Frameworks */ = {isa = PBXBuildFile; fileRef = 8364706FDA002ABE34C2EAB9 /* Pods_Danplay.framework */; };
/* End PBXBuildFile section */

/* Begin PBXFileReference section */
		63C902B95AA6CFE517A01D61 /* Pods-Danplay.release.xcconfig */ = {isa = PBXFileReference; includeInIndex = 1; lastKnownFileType = text.xcconfig; name = "Pods-Danplay.release.xcconfig"; path = "Target Support Files/Pods-Danplay/Pods-Danplay.release.xcconfig"; sourceTree = "<group>"; };
		8364706FDA002ABE34C2EAB9 /* Pods_Danplay.framework */ = {isa = PBXFileReference; explicitFileType = wrapper.framework; includeInIndex = 0; path = Pods_Danplay.framework; sourceTree = BUILT_PRODUCTS_DIR; };
		8D8D0CFF14AFDE0CEE182D16 /* Pods-Danplay.debug.xcconfig */ = {isa = PBXFileReference; includeInIndex = 1; lastKnownFileType = text.xcconfig; name = "Pods-Danplay.debug.xcconfig"; path = "Target Support Files/Pods-Danplay/Pods-Danplay.debug.xcconfig"; sourceTree = "<group>"; };
		8E2C93D828648A58001A2A21 /* GeneralResponse.swift */ = {isa = PBXFileReference; lastKnownFileType = sourcecode.swift; path = GeneralResponse.swift; sourceTree = "<group>"; };
		8E2C93DA28648A68001A2A21 /* NoData.swift */ = {isa = PBXFileReference; lastKnownFileType = sourcecode.swift; path = NoData.swift; sourceTree = "<group>"; };
		8E2C93DD28648C61001A2A21 /* SignIn.swift */ = {isa = PBXFileReference; lastKnownFileType = sourcecode.swift; path = SignIn.swift; sourceTree = "<group>"; };
		8E63EB2E28646B9F009756F8 /* AuthService.swift */ = {isa = PBXFileReference; lastKnownFileType = sourcecode.swift; path = AuthService.swift; sourceTree = "<group>"; };
		8E63EB3028646BAA009756F8 /* AuthRouter.swift */ = {isa = PBXFileReference; lastKnownFileType = sourcecode.swift; path = AuthRouter.swift; sourceTree = "<group>"; };
		8E63EB3228646BB4009756F8 /* NetworkConstants.swift */ = {isa = PBXFileReference; lastKnownFileType = sourcecode.swift; path = NetworkConstants.swift; sourceTree = "<group>"; };
		8E63EB3428646BBC009756F8 /* BaseRouter.swift */ = {isa = PBXFileReference; lastKnownFileType = sourcecode.swift; path = BaseRouter.swift; sourceTree = "<group>"; };
		8E63EB3628646BCA009756F8 /* HeaderType.swift */ = {isa = PBXFileReference; lastKnownFileType = sourcecode.swift; path = HeaderType.swift; sourceTree = "<group>"; };
		8E63EB3828646BD4009756F8 /* BaseService.swift */ = {isa = PBXFileReference; lastKnownFileType = sourcecode.swift; path = BaseService.swift; sourceTree = "<group>"; };
		8E63EB3A28646BDC009756F8 /* NetworkResult.swift */ = {isa = PBXFileReference; lastKnownFileType = sourcecode.swift; path = NetworkResult.swift; sourceTree = "<group>"; };
		8E63EB3C28646BE2009756F8 /* EventLogger.swift */ = {isa = PBXFileReference; lastKnownFileType = sourcecode.swift; path = EventLogger.swift; sourceTree = "<group>"; };
		8E63EB4228646C61009756F8 /* MainTabBarViewController.swift */ = {isa = PBXFileReference; lastKnownFileType = sourcecode.swift; path = MainTabBarViewController.swift; sourceTree = "<group>"; };
		8EB8FA31282CF51A00B3BCEC /* Comfortaa-Light.ttf */ = {isa = PBXFileReference; lastKnownFileType = file; path = "Comfortaa-Light.ttf"; sourceTree = "<group>"; };
		8EB8FA32282CF51A00B3BCEC /* Comfortaa-Bold.ttf */ = {isa = PBXFileReference; lastKnownFileType = file; path = "Comfortaa-Bold.ttf"; sourceTree = "<group>"; };
		8EB8FA33282CF51A00B3BCEC /* Comfortaa-Regular.ttf */ = {isa = PBXFileReference; lastKnownFileType = file; path = "Comfortaa-Regular.ttf"; sourceTree = "<group>"; };
		8EFAFCE22828C1C70090EAB4 /* Danplay.app */ = {isa = PBXFileReference; explicitFileType = wrapper.application; includeInIndex = 0; path = Danplay.app; sourceTree = BUILT_PRODUCTS_DIR; };
		8EFAFCE52828C1C70090EAB4 /* AppDelegate.swift */ = {isa = PBXFileReference; lastKnownFileType = sourcecode.swift; path = AppDelegate.swift; sourceTree = "<group>"; };
		8EFAFCE72828C1C70090EAB4 /* SceneDelegate.swift */ = {isa = PBXFileReference; lastKnownFileType = sourcecode.swift; path = SceneDelegate.swift; sourceTree = "<group>"; };
		8EFAFCEC2828C1C70090EAB4 /* Base */ = {isa = PBXFileReference; lastKnownFileType = file.storyboard; name = Base; path = Base.lproj/Main.storyboard; sourceTree = "<group>"; };
		8EFAFCEE2828C1C80090EAB4 /* Assets.xcassets */ = {isa = PBXFileReference; lastKnownFileType = folder.assetcatalog; path = Assets.xcassets; sourceTree = "<group>"; };
		8EFAFCF12828C1C80090EAB4 /* Base */ = {isa = PBXFileReference; lastKnownFileType = file.storyboard; name = Base; path = Base.lproj/LaunchScreen.storyboard; sourceTree = "<group>"; };
		8EFAFCF32828C1C80090EAB4 /* Info.plist */ = {isa = PBXFileReference; lastKnownFileType = text.plist.xml; path = Info.plist; sourceTree = "<group>"; };
		8EFAFD2D2828F71C0090EAB4 /* SignIn.storyboard */ = {isa = PBXFileReference; lastKnownFileType = file.storyboard; path = SignIn.storyboard; sourceTree = "<group>"; };
		8EFAFD2F2828F7290090EAB4 /* SignUp.storyboard */ = {isa = PBXFileReference; lastKnownFileType = file.storyboard; path = SignUp.storyboard; sourceTree = "<group>"; };
		8EFAFD31282916540090EAB4 /* AuthComplete.storyboard */ = {isa = PBXFileReference; lastKnownFileType = file.storyboard; path = AuthComplete.storyboard; sourceTree = "<group>"; };
		8EFAFD3328291C380090EAB4 /* SignInViewController.swift */ = {isa = PBXFileReference; lastKnownFileType = sourcecode.swift; path = SignInViewController.swift; sourceTree = "<group>"; };
		8EFAFD3528291C540090EAB4 /* SignUpViewController.swift */ = {isa = PBXFileReference; lastKnownFileType = sourcecode.swift; path = SignUpViewController.swift; sourceTree = "<group>"; };
		8EFAFD3728291C720090EAB4 /* AuthCompleteViewController.swift */ = {isa = PBXFileReference; lastKnownFileType = sourcecode.swift; path = AuthCompleteViewController.swift; sourceTree = "<group>"; };
		8EFAFD3928291CF70090EAB4 /* ViewController.swift */ = {isa = PBXFileReference; lastKnownFileType = sourcecode.swift; path = ViewController.swift; sourceTree = "<group>"; };
		8EFAFD44282A26980090EAB4 /* Colors.xcassets */ = {isa = PBXFileReference; lastKnownFileType = folder.assetcatalog; path = Colors.xcassets; sourceTree = "<group>"; };
		8EFAFD46282A276E0090EAB4 /* UIColor+.swift */ = {isa = PBXFileReference; lastKnownFileType = sourcecode.swift; name = "UIColor+.swift"; path = "Danplay/Global/Extension/UIColor+.swift"; sourceTree = SOURCE_ROOT; };
		8EFAFD48282A5EEA0090EAB4 /* UIViewController+.swift */ = {isa = PBXFileReference; lastKnownFileType = sourcecode.swift; name = "UIViewController+.swift"; path = "Danplay/Global/Extension/UIViewController+.swift"; sourceTree = SOURCE_ROOT; };
/* End PBXFileReference section */

/* Begin PBXFrameworksBuildPhase section */
		8EFAFCDF2828C1C70090EAB4 /* Frameworks */ = {
			isa = PBXFrameworksBuildPhase;
			buildActionMask = 2147483647;
			files = (
				FC2D23D53B8DB68B93C88040 /* Pods_Danplay.framework in Frameworks */,
			);
			runOnlyForDeploymentPostprocessing = 0;
		};
/* End PBXFrameworksBuildPhase section */

/* Begin PBXGroup section */
		027521EEB142C9EF2404A9AC /* Pods */ = {
			isa = PBXGroup;
			children = (
				8D8D0CFF14AFDE0CEE182D16 /* Pods-Danplay.debug.xcconfig */,
				63C902B95AA6CFE517A01D61 /* Pods-Danplay.release.xcconfig */,
			);
			path = Pods;
			sourceTree = "<group>";
		};
		8E63EB2728646B09009756F8 /* Global */ = {
			isa = PBXGroup;
			children = (
				8E63EB2928646B1A009756F8 /* Network */,
				8E63EB3E28646BEE009756F8 /* Domain */,
				8E63EB2828646B15009756F8 /* Extension */,
			);
			path = Global;
			sourceTree = "<group>";
		};
		8E63EB2828646B15009756F8 /* Extension */ = {
			isa = PBXGroup;
			children = (
				8EFAFD46282A276E0090EAB4 /* UIColor+.swift */,
				8EFAFD48282A5EEA0090EAB4 /* UIViewController+.swift */,
			);
			path = Extension;
			sourceTree = "<group>";
		};
		8E63EB2928646B1A009756F8 /* Network */ = {
			isa = PBXGroup;
			children = (
				8E63EB2A28646B50009756F8 /* Services */,
				8E63EB2B28646B5A009756F8 /* Routers */,
				8E63EB2C28646B66009756F8 /* Environment */,
				8E63EB2D28646B6E009756F8 /* Foundation */,
			);
			path = Network;
			sourceTree = "<group>";
		};
		8E63EB2A28646B50009756F8 /* Services */ = {
			isa = PBXGroup;
			children = (
				8E63EB2E28646B9F009756F8 /* AuthService.swift */,
			);
			path = Services;
			sourceTree = "<group>";
		};
		8E63EB2B28646B5A009756F8 /* Routers */ = {
			isa = PBXGroup;
			children = (
				8E63EB3028646BAA009756F8 /* AuthRouter.swift */,
			);
			path = Routers;
			sourceTree = "<group>";
		};
		8E63EB2C28646B66009756F8 /* Environment */ = {
			isa = PBXGroup;
			children = (
				8E63EB3228646BB4009756F8 /* NetworkConstants.swift */,
			);
			path = Environment;
			sourceTree = "<group>";
		};
		8E63EB2D28646B6E009756F8 /* Foundation */ = {
			isa = PBXGroup;
			children = (
				8E63EB3428646BBC009756F8 /* BaseRouter.swift */,
				8E63EB3628646BCA009756F8 /* HeaderType.swift */,
				8E63EB3828646BD4009756F8 /* BaseService.swift */,
				8E63EB3A28646BDC009756F8 /* NetworkResult.swift */,
				8E63EB3C28646BE2009756F8 /* EventLogger.swift */,
			);
			path = Foundation;
			sourceTree = "<group>";
		};
		8E63EB3E28646BEE009756F8 /* Domain */ = {
			isa = PBXGroup;
			children = (
				8E63EB3F28646BFD009756F8 /* Model */,
			);
			path = Domain;
			sourceTree = "<group>";
		};
		8E63EB3F28646BFD009756F8 /* Model */ = {
			isa = PBXGroup;
			children = (
				8E2C93D828648A58001A2A21 /* GeneralResponse.swift */,
				8E2C93DA28648A68001A2A21 /* NoData.swift */,
				8E63EB4028646C04009756F8 /* Auth */,
			);
			path = Model;
			sourceTree = "<group>";
		};
		8E63EB4028646C04009756F8 /* Auth */ = {
			isa = PBXGroup;
			children = (
				8E2C93DD28648C61001A2A21 /* SignIn.swift */,
			);
			path = Auth;
			sourceTree = "<group>";
		};
		8E63EB4128646C27009756F8 /* MainTabBar */ = {
			isa = PBXGroup;
			children = (
				8E63EB4228646C61009756F8 /* MainTabBarViewController.swift */,
			);
			path = MainTabBar;
			sourceTree = "<group>";
		};
		8E63EB4428646C6C009756F8 /* Home */ = {
			isa = PBXGroup;
			children = (
			);
			path = Home;
			sourceTree = "<group>";
		};
		8EB8FA30282CF50C00B3BCEC /* Fonts */ = {
			isa = PBXGroup;
			children = (
				8EB8FA32282CF51A00B3BCEC /* Comfortaa-Bold.ttf */,
				8EB8FA31282CF51A00B3BCEC /* Comfortaa-Light.ttf */,
				8EB8FA33282CF51A00B3BCEC /* Comfortaa-Regular.ttf */,
			);
			path = Fonts;
			sourceTree = "<group>";
		};
		8EFAFCD92828C1C70090EAB4 = {
			isa = PBXGroup;
			children = (
				8EFAFCE42828C1C70090EAB4 /* Danplay */,
				8EFAFCE32828C1C70090EAB4 /* Products */,
				027521EEB142C9EF2404A9AC /* Pods */,
				A230D9BFA59A0C4C39293047 /* Frameworks */,
			);
			sourceTree = "<group>";
		};
		8EFAFCE32828C1C70090EAB4 /* Products */ = {
			isa = PBXGroup;
			children = (
				8EFAFCE22828C1C70090EAB4 /* Danplay.app */,
			);
			name = Products;
			sourceTree = "<group>";
		};
		8EFAFCE42828C1C70090EAB4 /* Danplay */ = {
			isa = PBXGroup;
			children = (
				8E63EB2728646B09009756F8 /* Global */,
				8EFAFD1A2828F4970090EAB4 /* Source */,
				8EFAFD1B2828F4A10090EAB4 /* Resource */,
				8EFAFCF32828C1C80090EAB4 /* Info.plist */,
			);
			path = Danplay;
			sourceTree = "<group>";
		};
		8EFAFD1A2828F4970090EAB4 /* Source */ = {
			isa = PBXGroup;
			children = (
				8EFAFD1D2828F4D20090EAB4 /* Screen */,
			);
			path = Source;
			sourceTree = "<group>";
		};
		8EFAFD1B2828F4A10090EAB4 /* Resource */ = {
			isa = PBXGroup;
			children = (
				8EFAFD282828F5320090EAB4 /* Asset */,
				8EFAFD272828F5250090EAB4 /* Storyboard */,
				8EFAFD262828F51F0090EAB4 /* Support */,
			);
			path = Resource;
			sourceTree = "<group>";
		};
		8EFAFD1D2828F4D20090EAB4 /* Screen */ = {
			isa = PBXGroup;
			children = (
				8EFAFD1F2828F4EF0090EAB4 /* Auth */,
				8E63EB4128646C27009756F8 /* MainTabBar */,
				8E63EB4428646C6C009756F8 /* Home */,
			);
			path = Screen;
			sourceTree = "<group>";
		};
		8EFAFD1F2828F4EF0090EAB4 /* Auth */ = {
			isa = PBXGroup;
			children = (
				8EFAFD212828F4FE0090EAB4 /* View */,
				8EFAFD202828F4FA0090EAB4 /* Controller */,
			);
			path = Auth;
			sourceTree = "<group>";
		};
		8EFAFD202828F4FA0090EAB4 /* Controller */ = {
			isa = PBXGroup;
			children = (
				8EFAFD3328291C380090EAB4 /* SignInViewController.swift */,
				8EFAFD3528291C540090EAB4 /* SignUpViewController.swift */,
				8EFAFD3728291C720090EAB4 /* AuthCompleteViewController.swift */,
			);
			path = Controller;
			sourceTree = "<group>";
		};
		8EFAFD212828F4FE0090EAB4 /* View */ = {
			isa = PBXGroup;
			children = (
				8EFAFD2D2828F71C0090EAB4 /* SignIn.storyboard */,
				8EFAFD2F2828F7290090EAB4 /* SignUp.storyboard */,
				8EFAFD31282916540090EAB4 /* AuthComplete.storyboard */,
			);
			path = View;
			sourceTree = "<group>";
		};
		8EFAFD262828F51F0090EAB4 /* Support */ = {
			isa = PBXGroup;
			children = (
				8EFAFCE52828C1C70090EAB4 /* AppDelegate.swift */,
				8EFAFCE72828C1C70090EAB4 /* SceneDelegate.swift */,
				8EFAFD3928291CF70090EAB4 /* ViewController.swift */,
			);
			path = Support;
			sourceTree = "<group>";
		};
		8EFAFD272828F5250090EAB4 /* Storyboard */ = {
			isa = PBXGroup;
			children = (
				8EFAFCEB2828C1C70090EAB4 /* Main.storyboard */,
				8EFAFCF02828C1C80090EAB4 /* LaunchScreen.storyboard */,
			);
			path = Storyboard;
			sourceTree = "<group>";
		};
		8EFAFD282828F5320090EAB4 /* Asset */ = {
			isa = PBXGroup;
			children = (
				8EB8FA30282CF50C00B3BCEC /* Fonts */,
				8EFAFCEE2828C1C80090EAB4 /* Assets.xcassets */,
				8EFAFD44282A26980090EAB4 /* Colors.xcassets */,
			);
			path = Asset;
			sourceTree = "<group>";
		};
		A230D9BFA59A0C4C39293047 /* Frameworks */ = {
			isa = PBXGroup;
			children = (
				8364706FDA002ABE34C2EAB9 /* Pods_Danplay.framework */,
			);
			name = Frameworks;
			sourceTree = "<group>";
		};
/* End PBXGroup section */

/* Begin PBXNativeTarget section */
		8EFAFCE12828C1C70090EAB4 /* Danplay */ = {
			isa = PBXNativeTarget;
			buildConfigurationList = 8EFAFCF62828C1C80090EAB4 /* Build configuration list for PBXNativeTarget "Danplay" */;
			buildPhases = (
				8FB9B7DCDBCC99AF79EEFE0C /* [CP] Check Pods Manifest.lock */,
				8EFAFCDE2828C1C70090EAB4 /* Sources */,
				8EFAFCDF2828C1C70090EAB4 /* Frameworks */,
				8EFAFCE02828C1C70090EAB4 /* Resources */,
				788B66C39E6D882D4E2327F9 /* [CP] Embed Pods Frameworks */,
			);
			buildRules = (
			);
			dependencies = (
			);
			name = Danplay;
			productName = Danplay;
			productReference = 8EFAFCE22828C1C70090EAB4 /* Danplay.app */;
			productType = "com.apple.product-type.application";
		};
/* End PBXNativeTarget section */

/* Begin PBXProject section */
		8EFAFCDA2828C1C70090EAB4 /* Project object */ = {
			isa = PBXProject;
			attributes = {
				BuildIndependentTargetsInParallel = 1;
				LastSwiftUpdateCheck = 1330;
				LastUpgradeCheck = 1330;
				TargetAttributes = {
					8EFAFCE12828C1C70090EAB4 = {
						CreatedOnToolsVersion = 13.3.1;
					};
				};
			};
			buildConfigurationList = 8EFAFCDD2828C1C70090EAB4 /* Build configuration list for PBXProject "Danplay" */;
			compatibilityVersion = "Xcode 13.0";
			developmentRegion = en;
			hasScannedForEncodings = 0;
			knownRegions = (
				en,
				Base,
			);
			mainGroup = 8EFAFCD92828C1C70090EAB4;
			productRefGroup = 8EFAFCE32828C1C70090EAB4 /* Products */;
			projectDirPath = "";
			projectRoot = "";
			targets = (
				8EFAFCE12828C1C70090EAB4 /* Danplay */,
			);
		};
/* End PBXProject section */

/* Begin PBXResourcesBuildPhase section */
		8EFAFCE02828C1C70090EAB4 /* Resources */ = {
			isa = PBXResourcesBuildPhase;
			buildActionMask = 2147483647;
			files = (
				8EB8FA34282CF51A00B3BCEC /* Comfortaa-Light.ttf in Resources */,
				8EFAFD2E2828F71C0090EAB4 /* SignIn.storyboard in Resources */,
				8EFAFCF22828C1C80090EAB4 /* LaunchScreen.storyboard in Resources */,
				8EFAFCEF2828C1C80090EAB4 /* Assets.xcassets in Resources */,
				8EFAFD32282916540090EAB4 /* AuthComplete.storyboard in Resources */,
				8EFAFCED2828C1C70090EAB4 /* Main.storyboard in Resources */,
				8EFAFD302828F7290090EAB4 /* SignUp.storyboard in Resources */,
				8EFAFD45282A26980090EAB4 /* Colors.xcassets in Resources */,
				8EB8FA36282CF51A00B3BCEC /* Comfortaa-Regular.ttf in Resources */,
				8EB8FA35282CF51A00B3BCEC /* Comfortaa-Bold.ttf in Resources */,
			);
			runOnlyForDeploymentPostprocessing = 0;
		};
/* End PBXResourcesBuildPhase section */

/* Begin PBXShellScriptBuildPhase section */
		788B66C39E6D882D4E2327F9 /* [CP] Embed Pods Frameworks */ = {
			isa = PBXShellScriptBuildPhase;
			buildActionMask = 2147483647;
			files = (
			);
			inputFileListPaths = (
				"${PODS_ROOT}/Target Support Files/Pods-Danplay/Pods-Danplay-frameworks-${CONFIGURATION}-input-files.xcfilelist",
			);
			name = "[CP] Embed Pods Frameworks";
			outputFileListPaths = (
				"${PODS_ROOT}/Target Support Files/Pods-Danplay/Pods-Danplay-frameworks-${CONFIGURATION}-output-files.xcfilelist",
			);
			runOnlyForDeploymentPostprocessing = 0;
			shellPath = /bin/sh;
			shellScript = "\"${PODS_ROOT}/Target Support Files/Pods-Danplay/Pods-Danplay-frameworks.sh\"\n";
			showEnvVarsInLog = 0;
		};
		8FB9B7DCDBCC99AF79EEFE0C /* [CP] Check Pods Manifest.lock */ = {
			isa = PBXShellScriptBuildPhase;
			buildActionMask = 2147483647;
			files = (
			);
			inputFileListPaths = (
			);
			inputPaths = (
				"${PODS_PODFILE_DIR_PATH}/Podfile.lock",
				"${PODS_ROOT}/Manifest.lock",
			);
			name = "[CP] Check Pods Manifest.lock";
			outputFileListPaths = (
			);
			outputPaths = (
				"$(DERIVED_FILE_DIR)/Pods-Danplay-checkManifestLockResult.txt",
			);
			runOnlyForDeploymentPostprocessing = 0;
			shellPath = /bin/sh;
			shellScript = "diff \"${PODS_PODFILE_DIR_PATH}/Podfile.lock\" \"${PODS_ROOT}/Manifest.lock\" > /dev/null\nif [ $? != 0 ] ; then\n    # print error to STDERR\n    echo \"error: The sandbox is not in sync with the Podfile.lock. Run 'pod install' or update your CocoaPods installation.\" >&2\n    exit 1\nfi\n# This output is used by Xcode 'outputs' to avoid re-running this script phase.\necho \"SUCCESS\" > \"${SCRIPT_OUTPUT_FILE_0}\"\n";
			showEnvVarsInLog = 0;
		};
/* End PBXShellScriptBuildPhase section */

/* Begin PBXSourcesBuildPhase section */
		8EFAFCDE2828C1C70090EAB4 /* Sources */ = {
			isa = PBXSourcesBuildPhase;
			buildActionMask = 2147483647;
			files = (
				8E63EB3328646BB4009756F8 /* NetworkConstants.swift in Sources */,
				8E2C93D928648A58001A2A21 /* GeneralResponse.swift in Sources */,
				8EFAFD3628291C540090EAB4 /* SignUpViewController.swift in Sources */,
				8EFAFD47282A276E0090EAB4 /* UIColor+.swift in Sources */,
				8E63EB4328646C61009756F8 /* MainTabBarViewController.swift in Sources */,
				8EFAFD3828291C720090EAB4 /* AuthCompleteViewController.swift in Sources */,
				8EFAFCE62828C1C70090EAB4 /* AppDelegate.swift in Sources */,
				8E2C93DE28648C61001A2A21 /* SignIn.swift in Sources */,
				8E2C93DB28648A68001A2A21 /* NoData.swift in Sources */,
				8E63EB3728646BCA009756F8 /* HeaderType.swift in Sources */,
				8E63EB3B28646BDC009756F8 /* NetworkResult.swift in Sources */,
				8EFAFD49282A5EEA0090EAB4 /* UIViewController+.swift in Sources */,
				8E63EB3D28646BE2009756F8 /* EventLogger.swift in Sources */,
				8E63EB3928646BD4009756F8 /* BaseService.swift in Sources */,
				8E63EB3528646BBC009756F8 /* BaseRouter.swift in Sources */,
				8EFAFD3A28291CF70090EAB4 /* ViewController.swift in Sources */,
				8E63EB2F28646B9F009756F8 /* AuthService.swift in Sources */,
				8E63EB3128646BAA009756F8 /* AuthRouter.swift in Sources */,
				8EFAFD3428291C380090EAB4 /* SignInViewController.swift in Sources */,
				8EFAFCE82828C1C70090EAB4 /* SceneDelegate.swift in Sources */,
			);
			runOnlyForDeploymentPostprocessing = 0;
		};
/* End PBXSourcesBuildPhase section */

/* Begin PBXVariantGroup section */
		8EFAFCEB2828C1C70090EAB4 /* Main.storyboard */ = {
			isa = PBXVariantGroup;
			children = (
				8EFAFCEC2828C1C70090EAB4 /* Base */,
			);
			name = Main.storyboard;
			sourceTree = "<group>";
		};
		8EFAFCF02828C1C80090EAB4 /* LaunchScreen.storyboard */ = {
			isa = PBXVariantGroup;
			children = (
				8EFAFCF12828C1C80090EAB4 /* Base */,
			);
			name = LaunchScreen.storyboard;
			sourceTree = "<group>";
		};
/* End PBXVariantGroup section */

/* Begin XCBuildConfiguration section */
		8EFAFCF42828C1C80090EAB4 /* Debug */ = {
			isa = XCBuildConfiguration;
			buildSettings = {
				ALWAYS_SEARCH_USER_PATHS = NO;
				CLANG_ANALYZER_NONNULL = YES;
				CLANG_ANALYZER_NUMBER_OBJECT_CONVERSION = YES_AGGRESSIVE;
				CLANG_CXX_LANGUAGE_STANDARD = "gnu++17";
				CLANG_ENABLE_MODULES = YES;
				CLANG_ENABLE_OBJC_ARC = YES;
				CLANG_ENABLE_OBJC_WEAK = YES;
				CLANG_WARN_BLOCK_CAPTURE_AUTORELEASING = YES;
				CLANG_WARN_BOOL_CONVERSION = YES;
				CLANG_WARN_COMMA = YES;
				CLANG_WARN_CONSTANT_CONVERSION = YES;
				CLANG_WARN_DEPRECATED_OBJC_IMPLEMENTATIONS = YES;
				CLANG_WARN_DIRECT_OBJC_ISA_USAGE = YES_ERROR;
				CLANG_WARN_DOCUMENTATION_COMMENTS = YES;
				CLANG_WARN_EMPTY_BODY = YES;
				CLANG_WARN_ENUM_CONVERSION = YES;
				CLANG_WARN_INFINITE_RECURSION = YES;
				CLANG_WARN_INT_CONVERSION = YES;
				CLANG_WARN_NON_LITERAL_NULL_CONVERSION = YES;
				CLANG_WARN_OBJC_IMPLICIT_RETAIN_SELF = YES;
				CLANG_WARN_OBJC_LITERAL_CONVERSION = YES;
				CLANG_WARN_OBJC_ROOT_CLASS = YES_ERROR;
				CLANG_WARN_QUOTED_INCLUDE_IN_FRAMEWORK_HEADER = YES;
				CLANG_WARN_RANGE_LOOP_ANALYSIS = YES;
				CLANG_WARN_STRICT_PROTOTYPES = YES;
				CLANG_WARN_SUSPICIOUS_MOVE = YES;
				CLANG_WARN_UNGUARDED_AVAILABILITY = YES_AGGRESSIVE;
				CLANG_WARN_UNREACHABLE_CODE = YES;
				CLANG_WARN__DUPLICATE_METHOD_MATCH = YES;
				COPY_PHASE_STRIP = NO;
				DEBUG_INFORMATION_FORMAT = dwarf;
				ENABLE_STRICT_OBJC_MSGSEND = YES;
				ENABLE_TESTABILITY = YES;
				GCC_C_LANGUAGE_STANDARD = gnu11;
				GCC_DYNAMIC_NO_PIC = NO;
				GCC_NO_COMMON_BLOCKS = YES;
				GCC_OPTIMIZATION_LEVEL = 0;
				GCC_PREPROCESSOR_DEFINITIONS = (
					"DEBUG=1",
					"$(inherited)",
				);
				GCC_WARN_64_TO_32_BIT_CONVERSION = YES;
				GCC_WARN_ABOUT_RETURN_TYPE = YES_ERROR;
				GCC_WARN_UNDECLARED_SELECTOR = YES;
				GCC_WARN_UNINITIALIZED_AUTOS = YES_AGGRESSIVE;
				GCC_WARN_UNUSED_FUNCTION = YES;
				GCC_WARN_UNUSED_VARIABLE = YES;
				IPHONEOS_DEPLOYMENT_TARGET = 15.4;
				MTL_ENABLE_DEBUG_INFO = INCLUDE_SOURCE;
				MTL_FAST_MATH = YES;
				ONLY_ACTIVE_ARCH = YES;
				SDKROOT = iphoneos;
				SWIFT_ACTIVE_COMPILATION_CONDITIONS = DEBUG;
				SWIFT_OPTIMIZATION_LEVEL = "-Onone";
			};
			name = Debug;
		};
		8EFAFCF52828C1C80090EAB4 /* Release */ = {
			isa = XCBuildConfiguration;
			buildSettings = {
				ALWAYS_SEARCH_USER_PATHS = NO;
				CLANG_ANALYZER_NONNULL = YES;
				CLANG_ANALYZER_NUMBER_OBJECT_CONVERSION = YES_AGGRESSIVE;
				CLANG_CXX_LANGUAGE_STANDARD = "gnu++17";
				CLANG_ENABLE_MODULES = YES;
				CLANG_ENABLE_OBJC_ARC = YES;
				CLANG_ENABLE_OBJC_WEAK = YES;
				CLANG_WARN_BLOCK_CAPTURE_AUTORELEASING = YES;
				CLANG_WARN_BOOL_CONVERSION = YES;
				CLANG_WARN_COMMA = YES;
				CLANG_WARN_CONSTANT_CONVERSION = YES;
				CLANG_WARN_DEPRECATED_OBJC_IMPLEMENTATIONS = YES;
				CLANG_WARN_DIRECT_OBJC_ISA_USAGE = YES_ERROR;
				CLANG_WARN_DOCUMENTATION_COMMENTS = YES;
				CLANG_WARN_EMPTY_BODY = YES;
				CLANG_WARN_ENUM_CONVERSION = YES;
				CLANG_WARN_INFINITE_RECURSION = YES;
				CLANG_WARN_INT_CONVERSION = YES;
				CLANG_WARN_NON_LITERAL_NULL_CONVERSION = YES;
				CLANG_WARN_OBJC_IMPLICIT_RETAIN_SELF = YES;
				CLANG_WARN_OBJC_LITERAL_CONVERSION = YES;
				CLANG_WARN_OBJC_ROOT_CLASS = YES_ERROR;
				CLANG_WARN_QUOTED_INCLUDE_IN_FRAMEWORK_HEADER = YES;
				CLANG_WARN_RANGE_LOOP_ANALYSIS = YES;
				CLANG_WARN_STRICT_PROTOTYPES = YES;
				CLANG_WARN_SUSPICIOUS_MOVE = YES;
				CLANG_WARN_UNGUARDED_AVAILABILITY = YES_AGGRESSIVE;
				CLANG_WARN_UNREACHABLE_CODE = YES;
				CLANG_WARN__DUPLICATE_METHOD_MATCH = YES;
				COPY_PHASE_STRIP = NO;
				DEBUG_INFORMATION_FORMAT = "dwarf-with-dsym";
				ENABLE_NS_ASSERTIONS = NO;
				ENABLE_STRICT_OBJC_MSGSEND = YES;
				GCC_C_LANGUAGE_STANDARD = gnu11;
				GCC_NO_COMMON_BLOCKS = YES;
				GCC_WARN_64_TO_32_BIT_CONVERSION = YES;
				GCC_WARN_ABOUT_RETURN_TYPE = YES_ERROR;
				GCC_WARN_UNDECLARED_SELECTOR = YES;
				GCC_WARN_UNINITIALIZED_AUTOS = YES_AGGRESSIVE;
				GCC_WARN_UNUSED_FUNCTION = YES;
				GCC_WARN_UNUSED_VARIABLE = YES;
				IPHONEOS_DEPLOYMENT_TARGET = 15.4;
				MTL_ENABLE_DEBUG_INFO = NO;
				MTL_FAST_MATH = YES;
				SDKROOT = iphoneos;
				SWIFT_COMPILATION_MODE = wholemodule;
				SWIFT_OPTIMIZATION_LEVEL = "-O";
				VALIDATE_PRODUCT = YES;
			};
			name = Release;
		};
		8EFAFCF72828C1C80090EAB4 /* Debug */ = {
			isa = XCBuildConfiguration;
			baseConfigurationReference = 8D8D0CFF14AFDE0CEE182D16 /* Pods-Danplay.debug.xcconfig */;
			buildSettings = {
				ASSETCATALOG_COMPILER_APPICON_NAME = AppIcon;
				ASSETCATALOG_COMPILER_GLOBAL_ACCENT_COLOR_NAME = AccentColor;
				CODE_SIGN_STYLE = Automatic;
				CURRENT_PROJECT_VERSION = 1;
				DEVELOPMENT_TEAM = R6RDNJW78B;
				GENERATE_INFOPLIST_FILE = YES;
				INFOPLIST_FILE = Danplay/Info.plist;
				INFOPLIST_KEY_UIApplicationSupportsIndirectInputEvents = YES;
				INFOPLIST_KEY_UILaunchStoryboardName = LaunchScreen;
				INFOPLIST_KEY_UIMainStoryboardFile = Main;
				INFOPLIST_KEY_UISupportedInterfaceOrientations_iPad = "UIInterfaceOrientationPortrait UIInterfaceOrientationPortraitUpsideDown UIInterfaceOrientationLandscapeLeft UIInterfaceOrientationLandscapeRight";
				INFOPLIST_KEY_UISupportedInterfaceOrientations_iPhone = "UIInterfaceOrientationPortrait UIInterfaceOrientationLandscapeLeft UIInterfaceOrientationLandscapeRight";
				LD_RUNPATH_SEARCH_PATHS = (
					"$(inherited)",
					"@executable_path/Frameworks",
				);
				MARKETING_VERSION = 1.0;
				PRODUCT_BUNDLE_IDENTIFIER = kr.ac.dku.subinyoon.Danplay;
				PRODUCT_NAME = "$(TARGET_NAME)";
				SWIFT_EMIT_LOC_STRINGS = YES;
				SWIFT_VERSION = 5.0;
				TARGETED_DEVICE_FAMILY = "1,2";
			};
			name = Debug;
		};
		8EFAFCF82828C1C80090EAB4 /* Release */ = {
			isa = XCBuildConfiguration;
			baseConfigurationReference = 63C902B95AA6CFE517A01D61 /* Pods-Danplay.release.xcconfig */;
			buildSettings = {
				ASSETCATALOG_COMPILER_APPICON_NAME = AppIcon;
				ASSETCATALOG_COMPILER_GLOBAL_ACCENT_COLOR_NAME = AccentColor;
				CODE_SIGN_STYLE = Automatic;
				CURRENT_PROJECT_VERSION = 1;
				DEVELOPMENT_TEAM = R6RDNJW78B;
				GENERATE_INFOPLIST_FILE = YES;
				INFOPLIST_FILE = Danplay/Info.plist;
				INFOPLIST_KEY_UIApplicationSupportsIndirectInputEvents = YES;
				INFOPLIST_KEY_UILaunchStoryboardName = LaunchScreen;
				INFOPLIST_KEY_UIMainStoryboardFile = Main;
				INFOPLIST_KEY_UISupportedInterfaceOrientations_iPad = "UIInterfaceOrientationPortrait UIInterfaceOrientationPortraitUpsideDown UIInterfaceOrientationLandscapeLeft UIInterfaceOrientationLandscapeRight";
				INFOPLIST_KEY_UISupportedInterfaceOrientations_iPhone = "UIInterfaceOrientationPortrait UIInterfaceOrientationLandscapeLeft UIInterfaceOrientationLandscapeRight";
				LD_RUNPATH_SEARCH_PATHS = (
					"$(inherited)",
					"@executable_path/Frameworks",
				);
				MARKETING_VERSION = 1.0;
				PRODUCT_BUNDLE_IDENTIFIER = kr.ac.dku.subinyoon.Danplay;
				PRODUCT_NAME = "$(TARGET_NAME)";
				SWIFT_EMIT_LOC_STRINGS = YES;
				SWIFT_VERSION = 5.0;
				TARGETED_DEVICE_FAMILY = "1,2";
			};
			name = Release;
		};
/* End XCBuildConfiguration section */

/* Begin XCConfigurationList section */
		8EFAFCDD2828C1C70090EAB4 /* Build configuration list for PBXProject "Danplay" */ = {
			isa = XCConfigurationList;
			buildConfigurations = (
				8EFAFCF42828C1C80090EAB4 /* Debug */,
				8EFAFCF52828C1C80090EAB4 /* Release */,
			);
			defaultConfigurationIsVisible = 0;
			defaultConfigurationName = Release;
		};
		8EFAFCF62828C1C80090EAB4 /* Build configuration list for PBXNativeTarget "Danplay" */ = {
			isa = XCConfigurationList;
			buildConfigurations = (
				8EFAFCF72828C1C80090EAB4 /* Debug */,
				8EFAFCF82828C1C80090EAB4 /* Release */,
			);
			defaultConfigurationIsVisible = 0;
			defaultConfigurationName = Release;
		};
/* End XCConfigurationList section */
	};
	rootObject = 8EFAFCDA2828C1C70090EAB4 /* Project object */;
}
