// !$*UTF8*$!
{
	archiveVersion = 1;
	classes = {
	};
	objectVersion = 55;
	objects = {

/* Begin PBXBuildFile section */
		8EFAFCE62828C1C70090EAB4 /* AppDelegate.swift in Sources */ = {isa = PBXBuildFile; fileRef = 8EFAFCE52828C1C70090EAB4 /* AppDelegate.swift */; };
		8EFAFCE82828C1C70090EAB4 /* SceneDelegate.swift in Sources */ = {isa = PBXBuildFile; fileRef = 8EFAFCE72828C1C70090EAB4 /* SceneDelegate.swift */; };
		8EFAFCED2828C1C70090EAB4 /* Main.storyboard in Resources */ = {isa = PBXBuildFile; fileRef = 8EFAFCEB2828C1C70090EAB4 /* Main.storyboard */; };
		8EFAFCEF2828C1C80090EAB4 /* Assets.xcassets in Resources */ = {isa = PBXBuildFile; fileRef = 8EFAFCEE2828C1C80090EAB4 /* Assets.xcassets */; };
		8EFAFCF22828C1C80090EAB4 /* LaunchScreen.storyboard in Resources */ = {isa = PBXBuildFile; fileRef = 8EFAFCF02828C1C80090EAB4 /* LaunchScreen.storyboard */; };
		8EFAFD2A2828F70E0090EAB4 /* AuthModel.swift in Sources */ = {isa = PBXBuildFile; fileRef = 8EFAFD292828F70E0090EAB4 /* AuthModel.swift */; };
		8EFAFD2E2828F71C0090EAB4 /* Login.storyboard in Resources */ = {isa = PBXBuildFile; fileRef = 8EFAFD2D2828F71C0090EAB4 /* Login.storyboard */; };
		8EFAFD302828F7290090EAB4 /* SignUp.storyboard in Resources */ = {isa = PBXBuildFile; fileRef = 8EFAFD2F2828F7290090EAB4 /* SignUp.storyboard */; };
		8EFAFD32282916540090EAB4 /* AuthComplete.storyboard in Resources */ = {isa = PBXBuildFile; fileRef = 8EFAFD31282916540090EAB4 /* AuthComplete.storyboard */; };
		8EFAFD3428291C380090EAB4 /* LoginViewController.swift in Sources */ = {isa = PBXBuildFile; fileRef = 8EFAFD3328291C380090EAB4 /* LoginViewController.swift */; };
		8EFAFD3628291C540090EAB4 /* SignUpViewController.swift in Sources */ = {isa = PBXBuildFile; fileRef = 8EFAFD3528291C540090EAB4 /* SignUpViewController.swift */; };
		8EFAFD3828291C720090EAB4 /* AuthCompleteViewController.swift in Sources */ = {isa = PBXBuildFile; fileRef = 8EFAFD3728291C720090EAB4 /* AuthCompleteViewController.swift */; };
		8EFAFD3A28291CF70090EAB4 /* ViewController.swift in Sources */ = {isa = PBXBuildFile; fileRef = 8EFAFD3928291CF70090EAB4 /* ViewController.swift */; };
/* End PBXBuildFile section */

/* Begin PBXFileReference section */
		8EFAFCE22828C1C70090EAB4 /* Danplay.app */ = {isa = PBXFileReference; explicitFileType = wrapper.application; includeInIndex = 0; path = Danplay.app; sourceTree = BUILT_PRODUCTS_DIR; };
		8EFAFCE52828C1C70090EAB4 /* AppDelegate.swift */ = {isa = PBXFileReference; lastKnownFileType = sourcecode.swift; path = AppDelegate.swift; sourceTree = "<group>"; };
		8EFAFCE72828C1C70090EAB4 /* SceneDelegate.swift */ = {isa = PBXFileReference; lastKnownFileType = sourcecode.swift; path = SceneDelegate.swift; sourceTree = "<group>"; };
		8EFAFCEC2828C1C70090EAB4 /* Base */ = {isa = PBXFileReference; lastKnownFileType = file.storyboard; name = Base; path = Base.lproj/Main.storyboard; sourceTree = "<group>"; };
		8EFAFCEE2828C1C80090EAB4 /* Assets.xcassets */ = {isa = PBXFileReference; lastKnownFileType = folder.assetcatalog; path = Assets.xcassets; sourceTree = "<group>"; };
		8EFAFCF12828C1C80090EAB4 /* Base */ = {isa = PBXFileReference; lastKnownFileType = file.storyboard; name = Base; path = Base.lproj/LaunchScreen.storyboard; sourceTree = "<group>"; };
		8EFAFCF32828C1C80090EAB4 /* Info.plist */ = {isa = PBXFileReference; lastKnownFileType = text.plist.xml; path = Info.plist; sourceTree = "<group>"; };
		8EFAFD292828F70E0090EAB4 /* AuthModel.swift */ = {isa = PBXFileReference; lastKnownFileType = sourcecode.swift; path = AuthModel.swift; sourceTree = "<group>"; };
		8EFAFD2D2828F71C0090EAB4 /* Login.storyboard */ = {isa = PBXFileReference; lastKnownFileType = file.storyboard; path = Login.storyboard; sourceTree = "<group>"; };
		8EFAFD2F2828F7290090EAB4 /* SignUp.storyboard */ = {isa = PBXFileReference; lastKnownFileType = file.storyboard; path = SignUp.storyboard; sourceTree = "<group>"; };
		8EFAFD31282916540090EAB4 /* AuthComplete.storyboard */ = {isa = PBXFileReference; lastKnownFileType = file.storyboard; path = AuthComplete.storyboard; sourceTree = "<group>"; };
		8EFAFD3328291C380090EAB4 /* LoginViewController.swift */ = {isa = PBXFileReference; lastKnownFileType = sourcecode.swift; path = LoginViewController.swift; sourceTree = "<group>"; };
		8EFAFD3528291C540090EAB4 /* SignUpViewController.swift */ = {isa = PBXFileReference; lastKnownFileType = sourcecode.swift; path = SignUpViewController.swift; sourceTree = "<group>"; };
		8EFAFD3728291C720090EAB4 /* AuthCompleteViewController.swift */ = {isa = PBXFileReference; lastKnownFileType = sourcecode.swift; path = AuthCompleteViewController.swift; sourceTree = "<group>"; };
		8EFAFD3928291CF70090EAB4 /* ViewController.swift */ = {isa = PBXFileReference; lastKnownFileType = sourcecode.swift; path = ViewController.swift; sourceTree = "<group>"; };
/* End PBXFileReference section */

/* Begin PBXFrameworksBuildPhase section */
		8EFAFCDF2828C1C70090EAB4 /* Frameworks */ = {
			isa = PBXFrameworksBuildPhase;
			buildActionMask = 2147483647;
			files = (
			);
			runOnlyForDeploymentPostprocessing = 0;
		};
/* End PBXFrameworksBuildPhase section */

/* Begin PBXGroup section */
		8EFAFCD92828C1C70090EAB4 = {
			isa = PBXGroup;
			children = (
				8EFAFCE42828C1C70090EAB4 /* Danplay */,
				8EFAFCE32828C1C70090EAB4 /* Products */,
			);
			sourceTree = "<group>";
		};
		8EFAFCE32828C1C70090EAB4 /* Products */ = {
			isa = PBXGroup;
			children = (
				8EFAFCE22828C1C70090EAB4 /* Danplay.app */,
			);
			name = Products;
			sourceTree = "<group>";
		};
		8EFAFCE42828C1C70090EAB4 /* Danplay */ = {
			isa = PBXGroup;
			children = (
				8EFAFD192828F4900090EAB4 /* Global */,
				8EFAFD1A2828F4970090EAB4 /* Source */,
				8EFAFD1B2828F4A10090EAB4 /* Resource */,
				8EFAFCF32828C1C80090EAB4 /* Info.plist */,
			);
			path = Danplay;
			sourceTree = "<group>";
		};
		8EFAFD192828F4900090EAB4 /* Global */ = {
			isa = PBXGroup;
			children = (
				8EFAFD1C2828F4B60090EAB4 /* Extenstion */,
			);
			path = Global;
			sourceTree = "<group>";
		};
		8EFAFD1A2828F4970090EAB4 /* Source */ = {
			isa = PBXGroup;
			children = (
				8EFAFD1D2828F4D20090EAB4 /* Screen */,
			);
			path = Source;
			sourceTree = "<group>";
		};
		8EFAFD1B2828F4A10090EAB4 /* Resource */ = {
			isa = PBXGroup;
			children = (
				8EFAFD282828F5320090EAB4 /* Asset */,
				8EFAFD272828F5250090EAB4 /* Storyboard */,
				8EFAFD262828F51F0090EAB4 /* Support */,
			);
			path = Resource;
			sourceTree = "<group>";
		};
		8EFAFD1C2828F4B60090EAB4 /* Extenstion */ = {
			isa = PBXGroup;
			children = (
			);
			path = Extenstion;
			sourceTree = "<group>";
		};
		8EFAFD1D2828F4D20090EAB4 /* Screen */ = {
			isa = PBXGroup;
			children = (
				8EFAFD1F2828F4EF0090EAB4 /* Auth */,
				8EFAFD1E2828F4E10090EAB4 /* TabBar */,
			);
			path = Screen;
			sourceTree = "<group>";
		};
		8EFAFD1E2828F4E10090EAB4 /* TabBar */ = {
			isa = PBXGroup;
			children = (
				8EFAFD252828F50D0090EAB4 /* Model */,
				8EFAFD242828F5090090EAB4 /* View */,
				8EFAFD232828F5050090EAB4 /* Controller */,
			);
			path = TabBar;
			sourceTree = "<group>";
		};
		8EFAFD1F2828F4EF0090EAB4 /* Auth */ = {
			isa = PBXGroup;
			children = (
				8EFAFD222828F5010090EAB4 /* Model */,
				8EFAFD212828F4FE0090EAB4 /* View */,
				8EFAFD202828F4FA0090EAB4 /* Controller */,
			);
			path = Auth;
			sourceTree = "<group>";
		};
		8EFAFD202828F4FA0090EAB4 /* Controller */ = {
			isa = PBXGroup;
			children = (
				8EFAFD3328291C380090EAB4 /* LoginViewController.swift */,
				8EFAFD3528291C540090EAB4 /* SignUpViewController.swift */,
				8EFAFD3728291C720090EAB4 /* AuthCompleteViewController.swift */,
			);
			path = Controller;
			sourceTree = "<group>";
		};
		8EFAFD212828F4FE0090EAB4 /* View */ = {
			isa = PBXGroup;
			children = (
				8EFAFD2D2828F71C0090EAB4 /* Login.storyboard */,
				8EFAFD2F2828F7290090EAB4 /* SignUp.storyboard */,
				8EFAFD31282916540090EAB4 /* AuthComplete.storyboard */,
			);
			path = View;
			sourceTree = "<group>";
		};
		8EFAFD222828F5010090EAB4 /* Model */ = {
			isa = PBXGroup;
			children = (
				8EFAFD292828F70E0090EAB4 /* AuthModel.swift */,
			);
			path = Model;
			sourceTree = "<group>";
		};
		8EFAFD232828F5050090EAB4 /* Controller */ = {
			isa = PBXGroup;
			children = (
			);
			path = Controller;
			sourceTree = "<group>";
		};
		8EFAFD242828F5090090EAB4 /* View */ = {
			isa = PBXGroup;
			children = (
			);
			path = View;
			sourceTree = "<group>";
		};
		8EFAFD252828F50D0090EAB4 /* Model */ = {
			isa = PBXGroup;
			children = (
			);
			path = Model;
			sourceTree = "<group>";
		};
		8EFAFD262828F51F0090EAB4 /* Support */ = {
			isa = PBXGroup;
			children = (
				8EFAFCE52828C1C70090EAB4 /* AppDelegate.swift */,
				8EFAFCE72828C1C70090EAB4 /* SceneDelegate.swift */,
				8EFAFD3928291CF70090EAB4 /* ViewController.swift */,
			);
			path = Support;
			sourceTree = "<group>";
		};
		8EFAFD272828F5250090EAB4 /* Storyboard */ = {
			isa = PBXGroup;
			children = (
				8EFAFCEB2828C1C70090EAB4 /* Main.storyboard */,
				8EFAFCF02828C1C80090EAB4 /* LaunchScreen.storyboard */,
			);
			path = Storyboard;
			sourceTree = "<group>";
		};
		8EFAFD282828F5320090EAB4 /* Asset */ = {
			isa = PBXGroup;
			children = (
				8EFAFCEE2828C1C80090EAB4 /* Assets.xcassets */,
			);
			path = Asset;
			sourceTree = "<group>";
		};
/* End PBXGroup section */

/* Begin PBXNativeTarget section */
		8EFAFCE12828C1C70090EAB4 /* Danplay */ = {
			isa = PBXNativeTarget;
			buildConfigurationList = 8EFAFCF62828C1C80090EAB4 /* Build configuration list for PBXNativeTarget "Danplay" */;
			buildPhases = (
				8EFAFCDE2828C1C70090EAB4 /* Sources */,
				8EFAFCDF2828C1C70090EAB4 /* Frameworks */,
				8EFAFCE02828C1C70090EAB4 /* Resources */,
			);
			buildRules = (
			);
			dependencies = (
			);
			name = Danplay;
			productName = Danplay;
			productReference = 8EFAFCE22828C1C70090EAB4 /* Danplay.app */;
			productType = "com.apple.product-type.application";
		};
/* End PBXNativeTarget section */

/* Begin PBXProject section */
		8EFAFCDA2828C1C70090EAB4 /* Project object */ = {
			isa = PBXProject;
			attributes = {
				BuildIndependentTargetsInParallel = 1;
				LastSwiftUpdateCheck = 1330;
				LastUpgradeCheck = 1330;
				TargetAttributes = {
					8EFAFCE12828C1C70090EAB4 = {
						CreatedOnToolsVersion = 13.3.1;
					};
				};
			};
			buildConfigurationList = 8EFAFCDD2828C1C70090EAB4 /* Build configuration list for PBXProject "Danplay" */;
			compatibilityVersion = "Xcode 13.0";
			developmentRegion = en;
			hasScannedForEncodings = 0;
			knownRegions = (
				en,
				Base,
			);
			mainGroup = 8EFAFCD92828C1C70090EAB4;
			productRefGroup = 8EFAFCE32828C1C70090EAB4 /* Products */;
			projectDirPath = "";
			projectRoot = "";
			targets = (
				8EFAFCE12828C1C70090EAB4 /* Danplay */,
			);
		};
/* End PBXProject section */

/* Begin PBXResourcesBuildPhase section */
		8EFAFCE02828C1C70090EAB4 /* Resources */ = {
			isa = PBXResourcesBuildPhase;
			buildActionMask = 2147483647;
			files = (
				8EFAFD2E2828F71C0090EAB4 /* Login.storyboard in Resources */,
				8EFAFCF22828C1C80090EAB4 /* LaunchScreen.storyboard in Resources */,
				8EFAFCEF2828C1C80090EAB4 /* Assets.xcassets in Resources */,
				8EFAFD32282916540090EAB4 /* AuthComplete.storyboard in Resources */,
				8EFAFCED2828C1C70090EAB4 /* Main.storyboard in Resources */,
				8EFAFD302828F7290090EAB4 /* SignUp.storyboard in Resources */,
			);
			runOnlyForDeploymentPostprocessing = 0;
		};
/* End PBXResourcesBuildPhase section */

/* Begin PBXSourcesBuildPhase section */
		8EFAFCDE2828C1C70090EAB4 /* Sources */ = {
			isa = PBXSourcesBuildPhase;
			buildActionMask = 2147483647;
			files = (
				8EFAFD3628291C540090EAB4 /* SignUpViewController.swift in Sources */,
				8EFAFD3828291C720090EAB4 /* AuthCompleteViewController.swift in Sources */,
				8EFAFD2A2828F70E0090EAB4 /* AuthModel.swift in Sources */,
				8EFAFCE62828C1C70090EAB4 /* AppDelegate.swift in Sources */,
				8EFAFD3A28291CF70090EAB4 /* ViewController.swift in Sources */,
				8EFAFD3428291C380090EAB4 /* LoginViewController.swift in Sources */,
				8EFAFCE82828C1C70090EAB4 /* SceneDelegate.swift in Sources */,
			);
			runOnlyForDeploymentPostprocessing = 0;
		};
/* End PBXSourcesBuildPhase section */

/* Begin PBXVariantGroup section */
		8EFAFCEB2828C1C70090EAB4 /* Main.storyboard */ = {
			isa = PBXVariantGroup;
			children = (
				8EFAFCEC2828C1C70090EAB4 /* Base */,
			);
			name = Main.storyboard;
			sourceTree = "<group>";
		};
		8EFAFCF02828C1C80090EAB4 /* LaunchScreen.storyboard */ = {
			isa = PBXVariantGroup;
			children = (
				8EFAFCF12828C1C80090EAB4 /* Base */,
			);
			name = LaunchScreen.storyboard;
			sourceTree = "<group>";
		};
/* End PBXVariantGroup section */

/* Begin XCBuildConfiguration section */
		8EFAFCF42828C1C80090EAB4 /* Debug */ = {
			isa = XCBuildConfiguration;
			buildSettings = {
				ALWAYS_SEARCH_USER_PATHS = NO;
				CLANG_ANALYZER_NONNULL = YES;
				CLANG_ANALYZER_NUMBER_OBJECT_CONVERSION = YES_AGGRESSIVE;
				CLANG_CXX_LANGUAGE_STANDARD = "gnu++17";
				CLANG_ENABLE_MODULES = YES;
				CLANG_ENABLE_OBJC_ARC = YES;
				CLANG_ENABLE_OBJC_WEAK = YES;
				CLANG_WARN_BLOCK_CAPTURE_AUTORELEASING = YES;
				CLANG_WARN_BOOL_CONVERSION = YES;
				CLANG_WARN_COMMA = YES;
				CLANG_WARN_CONSTANT_CONVERSION = YES;
				CLANG_WARN_DEPRECATED_OBJC_IMPLEMENTATIONS = YES;
				CLANG_WARN_DIRECT_OBJC_ISA_USAGE = YES_ERROR;
				CLANG_WARN_DOCUMENTATION_COMMENTS = YES;
				CLANG_WARN_EMPTY_BODY = YES;
				CLANG_WARN_ENUM_CONVERSION = YES;
				CLANG_WARN_INFINITE_RECURSION = YES;
				CLANG_WARN_INT_CONVERSION = YES;
				CLANG_WARN_NON_LITERAL_NULL_CONVERSION = YES;
				CLANG_WARN_OBJC_IMPLICIT_RETAIN_SELF = YES;
				CLANG_WARN_OBJC_LITERAL_CONVERSION = YES;
				CLANG_WARN_OBJC_ROOT_CLASS = YES_ERROR;
				CLANG_WARN_QUOTED_INCLUDE_IN_FRAMEWORK_HEADER = YES;
				CLANG_WARN_RANGE_LOOP_ANALYSIS = YES;
				CLANG_WARN_STRICT_PROTOTYPES = YES;
				CLANG_WARN_SUSPICIOUS_MOVE = YES;
				CLANG_WARN_UNGUARDED_AVAILABILITY = YES_AGGRESSIVE;
				CLANG_WARN_UNREACHABLE_CODE = YES;
				CLANG_WARN__DUPLICATE_METHOD_MATCH = YES;
				COPY_PHASE_STRIP = NO;
				DEBUG_INFORMATION_FORMAT = dwarf;
				ENABLE_STRICT_OBJC_MSGSEND = YES;
				ENABLE_TESTABILITY = YES;
				GCC_C_LANGUAGE_STANDARD = gnu11;
				GCC_DYNAMIC_NO_PIC = NO;
				GCC_NO_COMMON_BLOCKS = YES;
				GCC_OPTIMIZATION_LEVEL = 0;
				GCC_PREPROCESSOR_DEFINITIONS = (
					"DEBUG=1",
					"$(inherited)",
				);
				GCC_WARN_64_TO_32_BIT_CONVERSION = YES;
				GCC_WARN_ABOUT_RETURN_TYPE = YES_ERROR;
				GCC_WARN_UNDECLARED_SELECTOR = YES;
				GCC_WARN_UNINITIALIZED_AUTOS = YES_AGGRESSIVE;
				GCC_WARN_UNUSED_FUNCTION = YES;
				GCC_WARN_UNUSED_VARIABLE = YES;
				IPHONEOS_DEPLOYMENT_TARGET = 15.4;
				MTL_ENABLE_DEBUG_INFO = INCLUDE_SOURCE;
				MTL_FAST_MATH = YES;
				ONLY_ACTIVE_ARCH = YES;
				SDKROOT = iphoneos;
				SWIFT_ACTIVE_COMPILATION_CONDITIONS = DEBUG;
				SWIFT_OPTIMIZATION_LEVEL = "-Onone";
			};
			name = Debug;
		};
		8EFAFCF52828C1C80090EAB4 /* Release */ = {
			isa = XCBuildConfiguration;
			buildSettings = {
				ALWAYS_SEARCH_USER_PATHS = NO;
				CLANG_ANALYZER_NONNULL = YES;
				CLANG_ANALYZER_NUMBER_OBJECT_CONVERSION = YES_AGGRESSIVE;
				CLANG_CXX_LANGUAGE_STANDARD = "gnu++17";
				CLANG_ENABLE_MODULES = YES;
				CLANG_ENABLE_OBJC_ARC = YES;
				CLANG_ENABLE_OBJC_WEAK = YES;
				CLANG_WARN_BLOCK_CAPTURE_AUTORELEASING = YES;
				CLANG_WARN_BOOL_CONVERSION = YES;
				CLANG_WARN_COMMA = YES;
				CLANG_WARN_CONSTANT_CONVERSION = YES;
				CLANG_WARN_DEPRECATED_OBJC_IMPLEMENTATIONS = YES;
				CLANG_WARN_DIRECT_OBJC_ISA_USAGE = YES_ERROR;
				CLANG_WARN_DOCUMENTATION_COMMENTS = YES;
				CLANG_WARN_EMPTY_BODY = YES;
				CLANG_WARN_ENUM_CONVERSION = YES;
				CLANG_WARN_INFINITE_RECURSION = YES;
				CLANG_WARN_INT_CONVERSION = YES;
				CLANG_WARN_NON_LITERAL_NULL_CONVERSION = YES;
				CLANG_WARN_OBJC_IMPLICIT_RETAIN_SELF = YES;
				CLANG_WARN_OBJC_LITERAL_CONVERSION = YES;
				CLANG_WARN_OBJC_ROOT_CLASS = YES_ERROR;
				CLANG_WARN_QUOTED_INCLUDE_IN_FRAMEWORK_HEADER = YES;
				CLANG_WARN_RANGE_LOOP_ANALYSIS = YES;
				CLANG_WARN_STRICT_PROTOTYPES = YES;
				CLANG_WARN_SUSPICIOUS_MOVE = YES;
				CLANG_WARN_UNGUARDED_AVAILABILITY = YES_AGGRESSIVE;
				CLANG_WARN_UNREACHABLE_CODE = YES;
				CLANG_WARN__DUPLICATE_METHOD_MATCH = YES;
				COPY_PHASE_STRIP = NO;
				DEBUG_INFORMATION_FORMAT = "dwarf-with-dsym";
				ENABLE_NS_ASSERTIONS = NO;
				ENABLE_STRICT_OBJC_MSGSEND = YES;
				GCC_C_LANGUAGE_STANDARD = gnu11;
				GCC_NO_COMMON_BLOCKS = YES;
				GCC_WARN_64_TO_32_BIT_CONVERSION = YES;
				GCC_WARN_ABOUT_RETURN_TYPE = YES_ERROR;
				GCC_WARN_UNDECLARED_SELECTOR = YES;
				GCC_WARN_UNINITIALIZED_AUTOS = YES_AGGRESSIVE;
				GCC_WARN_UNUSED_FUNCTION = YES;
				GCC_WARN_UNUSED_VARIABLE = YES;
				IPHONEOS_DEPLOYMENT_TARGET = 15.4;
				MTL_ENABLE_DEBUG_INFO = NO;
				MTL_FAST_MATH = YES;
				SDKROOT = iphoneos;
				SWIFT_COMPILATION_MODE = wholemodule;
				SWIFT_OPTIMIZATION_LEVEL = "-O";
				VALIDATE_PRODUCT = YES;
			};
			name = Release;
		};
		8EFAFCF72828C1C80090EAB4 /* Debug */ = {
			isa = XCBuildConfiguration;
			buildSettings = {
				ASSETCATALOG_COMPILER_APPICON_NAME = AppIcon;
				ASSETCATALOG_COMPILER_GLOBAL_ACCENT_COLOR_NAME = AccentColor;
				CODE_SIGN_STYLE = Automatic;
				CURRENT_PROJECT_VERSION = 1;
				DEVELOPMENT_TEAM = R6RDNJW78B;
				GENERATE_INFOPLIST_FILE = YES;
				INFOPLIST_FILE = Danplay/Info.plist;
				INFOPLIST_KEY_UIApplicationSupportsIndirectInputEvents = YES;
				INFOPLIST_KEY_UILaunchStoryboardName = LaunchScreen;
				INFOPLIST_KEY_UIMainStoryboardFile = Main;
				INFOPLIST_KEY_UISupportedInterfaceOrientations_iPad = "UIInterfaceOrientationPortrait UIInterfaceOrientationPortraitUpsideDown UIInterfaceOrientationLandscapeLeft UIInterfaceOrientationLandscapeRight";
				INFOPLIST_KEY_UISupportedInterfaceOrientations_iPhone = "UIInterfaceOrientationPortrait UIInterfaceOrientationLandscapeLeft UIInterfaceOrientationLandscapeRight";
				LD_RUNPATH_SEARCH_PATHS = (
					"$(inherited)",
					"@executable_path/Frameworks",
				);
				MARKETING_VERSION = 1.0;
				PRODUCT_BUNDLE_IDENTIFIER = kr.ac.dku.subinyoon.Danplay;
				PRODUCT_NAME = "$(TARGET_NAME)";
				SWIFT_EMIT_LOC_STRINGS = YES;
				SWIFT_VERSION = 5.0;
				TARGETED_DEVICE_FAMILY = "1,2";
			};
			name = Debug;
		};
		8EFAFCF82828C1C80090EAB4 /* Release */ = {
			isa = XCBuildConfiguration;
			buildSettings = {
				ASSETCATALOG_COMPILER_APPICON_NAME = AppIcon;
				ASSETCATALOG_COMPILER_GLOBAL_ACCENT_COLOR_NAME = AccentColor;
				CODE_SIGN_STYLE = Automatic;
				CURRENT_PROJECT_VERSION = 1;
				DEVELOPMENT_TEAM = R6RDNJW78B;
				GENERATE_INFOPLIST_FILE = YES;
				INFOPLIST_FILE = Danplay/Info.plist;
				INFOPLIST_KEY_UIApplicationSupportsIndirectInputEvents = YES;
				INFOPLIST_KEY_UILaunchStoryboardName = LaunchScreen;
				INFOPLIST_KEY_UIMainStoryboardFile = Main;
				INFOPLIST_KEY_UISupportedInterfaceOrientations_iPad = "UIInterfaceOrientationPortrait UIInterfaceOrientationPortraitUpsideDown UIInterfaceOrientationLandscapeLeft UIInterfaceOrientationLandscapeRight";
				INFOPLIST_KEY_UISupportedInterfaceOrientations_iPhone = "UIInterfaceOrientationPortrait UIInterfaceOrientationLandscapeLeft UIInterfaceOrientationLandscapeRight";
				LD_RUNPATH_SEARCH_PATHS = (
					"$(inherited)",
					"@executable_path/Frameworks",
				);
				MARKETING_VERSION = 1.0;
				PRODUCT_BUNDLE_IDENTIFIER = kr.ac.dku.subinyoon.Danplay;
				PRODUCT_NAME = "$(TARGET_NAME)";
				SWIFT_EMIT_LOC_STRINGS = YES;
				SWIFT_VERSION = 5.0;
				TARGETED_DEVICE_FAMILY = "1,2";
			};
			name = Release;
		};
/* End XCBuildConfiguration section */

/* Begin XCConfigurationList section */
		8EFAFCDD2828C1C70090EAB4 /* Build configuration list for PBXProject "Danplay" */ = {
			isa = XCConfigurationList;
			buildConfigurations = (
				8EFAFCF42828C1C80090EAB4 /* Debug */,
				8EFAFCF52828C1C80090EAB4 /* Release */,
			);
			defaultConfigurationIsVisible = 0;
			defaultConfigurationName = Release;
		};
		8EFAFCF62828C1C80090EAB4 /* Build configuration list for PBXNativeTarget "Danplay" */ = {
			isa = XCConfigurationList;
			buildConfigurations = (
				8EFAFCF72828C1C80090EAB4 /* Debug */,
				8EFAFCF82828C1C80090EAB4 /* Release */,
			);
			defaultConfigurationIsVisible = 0;
			defaultConfigurationName = Release;
		};
/* End XCConfigurationList section */
	};
	rootObject = 8EFAFCDA2828C1C70090EAB4 /* Project object */;
}
